# This file is automatically @generated by Cargo.
# It is not intended for manual editing.
version = 3

[[package]]
name = "bitflags"
version = "2.6.0"
source = "registry+https://github.com/rust-lang/crates.io-index"
checksum = "b048fb63fd8b5923fc5aa7b340d8e156aec7ec02f0c78fa8a6ddc2613f6f71de"

[[package]]
name = "common-api"
version = "0.1.0"
dependencies = [
 "lccc-siphash",
]

[[package]]
name = "fs-drivers"
version = "0.1.0"

[[package]]
name = "lccc-siphash"
version = "0.1.0"
source = "git+https://github.com/lccc-project/lccc-siphash#c518f9b557a6d03ec6f53eb1a52257dafee4a615"

[[package]]
name = "lilium-kernel"
version = "0.1.0"
dependencies = [
 "lilium-loader",
]

[[package]]
name = "lilium-loader"
version = "0.1.0"
dependencies = [
 "fs-drivers",
 "limine",
]

[[package]]
name = "limine"
version = "0.2.0"
source = "registry+https://github.com/rust-lang/crates.io-index"
checksum = "846c87e24d089e8717a61098cba72b378e3525c46a87cf75b71352dcf668e68c"
dependencies = [
 "bitflags",
]
